
Microsoft Visual Studio Solution File, Format Version 12.00
# Visual Studio Version 17
VisualStudioVersion = 17.13.35825.156 d17.13
MinimumVisualStudioVersion = 10.0.40219.1
Project("{FAE04EC0-301F-11D3-BF4B-00C04F79EFBC}") = "Prac2", "Prac2.csproj", "{EE8B1C0F-8945-4837-B638-232955AAB242}"
EndProject
Global
	GlobalSection(SolutionConfigurationPlatforms) = preSolution
		Debug|Any CPU = Debug|Any CPU
		Release|Any CPU = Release|Any CPU
	EndGlobalSection
	GlobalSection(ProjectConfigurationPlatforms) = postSolution
		{EE8B1C0F-8945-4837-B638-232955AAB242}.Debug|Any CPU.ActiveCfg = Debug|Any CPU
		{EE8B1C0F-8945-4837-B638-232955AAB242}.Debug|Any CPU.Build.0 = Debug|Any CPU
		{EE8B1C0F-8945-4837-B638-232955AAB242}.Release|Any CPU.ActiveCfg = Release|Any CPU
		{EE8B1C0F-8945-4837-B638-232955AAB242}.Release|Any CPU.Build.0 = Release|Any CPU
	EndGlobalSection
	GlobalSection(SolutionProperties) = preSolution
		HideSolutionNode = FALSE
	EndGlobalSection
	GlobalSection(ExtensibilityGlobals) = postSolution
		SolutionGuid = {AD1A3810-5E60-4A2F-B04A-1CD84BF5739A}
	EndGlobalSection
EndGlobal
